
Microsoft Visual Studio Solution File, Format Version 12.00
# Visual Studio Version 16
VisualStudioVersion = 16.0.31005.135
MinimumVisualStudioVersion = 10.0.40219.1
Project("{FAE04EC0-301F-11D3-BF4B-00C04F79EFBC}") = "seriPortChatApp", "seriPortChatApp.csproj", "{6C2E86A8-E2C1-4630-AD6D-AED1D8DF6B25}"
EndProject
Global
	GlobalSection(SolutionConfigurationPlatforms) = preSolution
		Debug|Any CPU = Debug|Any CPU
		Release|Any CPU = Release|Any CPU
	EndGlobalSection
	GlobalSection(ProjectConfigurationPlatforms) = postSolution
		{6C2E86A8-E2C1-4630-AD6D-AED1D8DF6B25}.Debug|Any CPU.ActiveCfg = Debug|Any CPU
		{6C2E86A8-E2C1-4630-AD6D-AED1D8DF6B25}.Debug|Any CPU.Build.0 = Debug|Any CPU
		{6C2E86A8-E2C1-4630-AD6D-AED1D8DF6B25}.Release|Any CPU.ActiveCfg = Release|Any CPU
		{6C2E86A8-E2C1-4630-AD6D-AED1D8DF6B25}.Release|Any CPU.Build.0 = Release|Any CPU
	EndGlobalSection
	GlobalSection(SolutionProperties) = preSolution
		HideSolutionNode = FALSE
	EndGlobalSection
	GlobalSection(ExtensibilityGlobals) = postSolution
		SolutionGuid = {E5F024B3-AF20-472F-8E33-D61A4E9DBDF4}
	EndGlobalSection
EndGlobal
